
Microsoft Visual Studio Solution File, Format Version 12.00
# Visual Studio Version 16
VisualStudioVersion = 16.0.32901.82
MinimumVisualStudioVersion = 10.0.40219.1
Project("{FAE04EC0-301F-11D3-BF4B-00C04F79EFBC}") = "WebApplication5", "WebApplication5\WebApplication5.csproj", "{482EB293-7119-43FD-9DF9-F5700B3F6A86}"
EndProject
Global
	GlobalSection(SolutionConfigurationPlatforms) = preSolution
		Debug|Any CPU = Debug|Any CPU
		Release|Any CPU = Release|Any CPU
	EndGlobalSection
	GlobalSection(ProjectConfigurationPlatforms) = postSolution
		{482EB293-7119-43FD-9DF9-F5700B3F6A86}.Debug|Any CPU.ActiveCfg = Debug|Any CPU
		{482EB293-7119-43FD-9DF9-F5700B3F6A86}.Debug|Any CPU.Build.0 = Debug|Any CPU
		{482EB293-7119-43FD-9DF9-F5700B3F6A86}.Release|Any CPU.ActiveCfg = Release|Any CPU
		{482EB293-7119-43FD-9DF9-F5700B3F6A86}.Release|Any CPU.Build.0 = Release|Any CPU
	EndGlobalSection
	GlobalSection(SolutionProperties) = preSolution
		HideSolutionNode = FALSE
	EndGlobalSection
	GlobalSection(ExtensibilityGlobals) = postSolution
		SolutionGuid = {6D7C7A34-3732-479C-8BCC-82B11C8C3C87}
	EndGlobalSection
EndGlobal
